<?xml version="1.0" encoding="utf-8"?>
<Project ToolsVersion="4.0" xmlns="http://schemas.microsoft.com/developer/msbuild/2003">
  <ItemGroup>
    <ClCompile Include="SourceFile\websocketClient.cpp">
      <Filter>Source File\Websocket</Filter>
    </ClCompile>
    <ClCompile Include="SourceFile\cspbot20.cpp">
      <Filter>Source File\UI</Filter>
    </ClCompile>
    <ClCompile Include="SourceFile\regularEdit.cpp">
      <Filter>Source File\UI</Filter>
    </ClCompile>
    <ClCompile Include="SourceFile\PyAPI.cpp">
      <Filter>Source File\plugin</Filter>
    </ClCompile>
    <ClCompile Include="SourceFile\PyEvent.cpp">
      <Filter>Source File\plugin</Filter>
    </ClCompile>
    <ClCompile Include="SourceFile\PyModle.cpp">
      <Filter>Source File\plugin</Filter>
    </ClCompile>
    <ClCompile Include="SourceFile\main.cpp">
      <Filter>Source File\System</Filter>
    </ClCompile>
    <ClCompile Include="SourceFile\debug.cpp">
      <Filter>Source File\System</Filter>
    </ClCompile>
    <ClCompile Include="..\Include\mysysinfo\mysysinfo.cpp">
      <Filter>Source File\tools</Filter>
    </ClCompile>
    <ClCompile Include="SourceFile\Command.cpp">
      <Filter>Source File\tools</Filter>
    </ClCompile>
    <ClCompile Include="SourceFile\logger.cpp">
      <Filter>Source File\tools</Filter>
    </ClCompile>
    <ClCompile Include="SourceFile\server.cpp">
      <Filter>Source File\tools</Filter>
    </ClCompile>
    <ClCompile Include="SourceFile\Event.cpp">
      <Filter>Source File\tools</Filter>
    </ClCompile>
  </ItemGroup>
  <ItemGroup>
    <Filter Include="Source File">
      <UniqueIdentifier>{52713ed6-0cf2-4a45-8f24-52af2711f022}</UniqueIdentifier>
    </Filter>
    <Filter Include="Head File">
      <UniqueIdentifier>{78c035b9-2802-4686-8ba6-582ea4e44a38}</UniqueIdentifier>
    </Filter>
    <Filter Include="Resource File">
      <UniqueIdentifier>{984474c1-aa25-4e49-a98c-021c6b05b584}</UniqueIdentifier>
    </Filter>
    <Filter Include="Head File\Websocket">
      <UniqueIdentifier>{b26da137-1716-4d57-a145-1083859505e6}</UniqueIdentifier>
    </Filter>
    <Filter Include="Head File\UI">
      <UniqueIdentifier>{a43af4bc-0c09-4579-9b77-60fb2e2614e7}</UniqueIdentifier>
    </Filter>
    <Filter Include="Source File\UI">
      <UniqueIdentifier>{7647e4a5-a786-4364-a87d-cae648836d89}</UniqueIdentifier>
    </Filter>
    <Filter Include="Head File\plugin">
      <UniqueIdentifier>{d3b58c53-d1e3-4937-acc0-c97c68a2e93d}</UniqueIdentifier>
    </Filter>
    <Filter Include="Source File\plugin">
      <UniqueIdentifier>{00d65e6f-bfe8-45da-a1a6-d34511f29ebd}</UniqueIdentifier>
    </Filter>
    <Filter Include="Head File\System">
      <UniqueIdentifier>{47532a39-bda9-48cf-8b43-e4532b4fbbd3}</UniqueIdentifier>
    </Filter>
    <Filter Include="Head File\tools">
      <UniqueIdentifier>{49029059-fa61-4720-873c-df44ef39fb98}</UniqueIdentifier>
    </Filter>
    <Filter Include="Source File\System">
      <UniqueIdentifier>{9aaf6fe4-2e5d-43db-aaa5-8d617149693e}</UniqueIdentifier>
    </Filter>
    <Filter Include="Source File\tools">
      <UniqueIdentifier>{2101e673-08d0-42a0-9269-f7c17c9bb7fb}</UniqueIdentifier>
    </Filter>
    <Filter Include="Source File\Websocket">
      <UniqueIdentifier>{7f8c84ed-c74c-47a1-bc10-e699d6aaa809}</UniqueIdentifier>
    </Filter>
  </ItemGroup>
  <ItemGroup>
    <QtMoc Include="HeadFile\websocketClient.h">
      <Filter>Head File\Websocket</Filter>
    </QtMoc>
    <QtMoc Include="HeadFile\cspbot20.h">
      <Filter>Head File\UI</Filter>
    </QtMoc>
    <QtMoc Include="HeadFile\regularEdit.h">
      <Filter>Head File\UI</Filter>
    </QtMoc>
    <QtMoc Include="..\Include\mysysinfo\mysysinfo.h">
      <Filter>Head File\tools</Filter>
    </QtMoc>
    <QtMoc Include="HeadFile\logger.h">
      <Filter>Head File\tools</Filter>
    </QtMoc>
    <QtMoc Include="HeadFile\server.h">
      <Filter>Head File\tools</Filter>
    </QtMoc>
  </ItemGroup>
  <ItemGroup>
    <ClInclude Include="HeadFile\pluginModule.h">
      <Filter>Head File\plugin</Filter>
    </ClInclude>
    <ClInclude Include="HeadFile\framework.h">
      <Filter>Head File\System</Filter>
    </ClInclude>
    <ClInclude Include="HeadFile\Version.h">
      <Filter>Head File\System</Filter>
    </ClInclude>
    <ClInclude Include="HeadFile\helper.h">
      <Filter>Head File\tools</Filter>
    </ClInclude>
    <ClInclude Include="ResourceFile\resource.h">
      <Filter>Head File\System</Filter>
    </ClInclude>
    <ClInclude Include="HeadFile\global.h">
      <Filter>Head File\tools</Filter>
    </ClInclude>
    <ClInclude Include="HeadFile\Event.h">
      <Filter>Head File\tools</Filter>
    </ClInclude>
  </ItemGroup>
  <ItemGroup>
    <Image Include="ResourceFile\CSPBot2.0.ico">
      <Filter>Resource File</Filter>
    </Image>
    <Image Include="ResourceFile\CSPBot.ico">
      <Filter>Resource File</Filter>
    </Image>
  </ItemGroup>
  <ItemGroup>
    <ResourceCompile Include="ResourceFile\CSPBot2.0.rc">
      <Filter>Resource File</Filter>
    </ResourceCompile>
    <ResourceCompile Include="ResourceFile\Resource.rc">
      <Filter>Resource File</Filter>
    </ResourceCompile>
  </ItemGroup>
  <ItemGroup>
    <QtRcc Include="ResourceFile\cspbot20.qrc">
      <Filter>Resource File</Filter>
    </QtRcc>
  </ItemGroup>
  <ItemGroup>
    <QtUic Include="ResourceFile\cspbot20.ui">
      <Filter>Resource File</Filter>
    </QtUic>
    <QtUic Include="ResourceFile\regularEdit.ui">
      <Filter>Resource File</Filter>
    </QtUic>
  </ItemGroup>
</Project>