<?xml version="1.0" encoding="utf-8"?>
<Project ToolsVersion="4.0" xmlns="http://schemas.microsoft.com/developer/msbuild/2003">
  <ItemGroup>
    <ClCompile Include="SourceFile\websocketClient.cpp">
      <Filter>Source File\Websocket</Filter>
    </ClCompile>
    <ClCompile Include="SourceFile\cspbot20.cpp">
      <Filter>Source File\UI</Filter>
    </ClCompile>
    <ClCompile Include="SourceFile\regularEdit.cpp">
      <Filter>Source File\UI</Filter>
    </ClCompile>
    <ClCompile Include="SourceFile\main.cpp">
      <Filter>Source File\System</Filter>
    </ClCompile>
    <ClCompile Include="SourceFile\debug.cpp">
      <Filter>Source File\System</Filter>
    </ClCompile>
    <ClCompile Include="..\Include\mysysinfo\mysysinfo.cpp">
      <Filter>Source File\Tools</Filter>
    </ClCompile>
    <ClCompile Include="SourceFile\Command.cpp">
      <Filter>Source File\Tools</Filter>
    </ClCompile>
    <ClCompile Include="SourceFile\logger.cpp">
      <Filter>Source File\Tools</Filter>
    </ClCompile>
    <ClCompile Include="SourceFile\server.cpp">
      <Filter>Source File\Tools</Filter>
    </ClCompile>
    <ClCompile Include="SourceFile\plugins.cpp">
      <Filter>Source File\Plugins</Filter>
    </ClCompile>
    <ClCompile Include="lua\lapi.c">
      <Filter>Source File\Lua</Filter>
    </ClCompile>
    <ClCompile Include="lua\lauxlib.c">
      <Filter>Source File\Lua</Filter>
    </ClCompile>
    <ClCompile Include="lua\lbaselib.c">
      <Filter>Source File\Lua</Filter>
    </ClCompile>
    <ClCompile Include="lua\lcode.c">
      <Filter>Source File\Lua</Filter>
    </ClCompile>
    <ClCompile Include="lua\lcorolib.c">
      <Filter>Source File\Lua</Filter>
    </ClCompile>
    <ClCompile Include="lua\ldblib.c">
      <Filter>Source File\Lua</Filter>
    </ClCompile>
    <ClCompile Include="lua\lctype.c">
      <Filter>Source File\Lua</Filter>
    </ClCompile>
    <ClCompile Include="lua\ldebug.c">
      <Filter>Source File\Lua</Filter>
    </ClCompile>
    <ClCompile Include="lua\ldo.c">
      <Filter>Source File\Lua</Filter>
    </ClCompile>
    <ClCompile Include="lua\ldump.c">
      <Filter>Source File\Lua</Filter>
    </ClCompile>
    <ClCompile Include="lua\lfunc.c">
      <Filter>Source File\Lua</Filter>
    </ClCompile>
    <ClCompile Include="lua\lgc.c">
      <Filter>Source File\Lua</Filter>
    </ClCompile>
    <ClCompile Include="lua\linit.c">
      <Filter>Source File\Lua</Filter>
    </ClCompile>
    <ClCompile Include="lua\liolib.c">
      <Filter>Source File\Lua</Filter>
    </ClCompile>
    <ClCompile Include="lua\llex.c">
      <Filter>Source File\Lua</Filter>
    </ClCompile>
    <ClCompile Include="lua\lmathlib.c">
      <Filter>Source File\Lua</Filter>
    </ClCompile>
    <ClCompile Include="lua\lmem.c">
      <Filter>Source File\Lua</Filter>
    </ClCompile>
    <ClCompile Include="lua\loadlib.c">
      <Filter>Source File\Lua</Filter>
    </ClCompile>
    <ClCompile Include="lua\lobject.c">
      <Filter>Source File\Lua</Filter>
    </ClCompile>
    <ClCompile Include="lua\lopcodes.c">
      <Filter>Source File\Lua</Filter>
    </ClCompile>
    <ClCompile Include="lua\loslib.c">
      <Filter>Source File\Lua</Filter>
    </ClCompile>
    <ClCompile Include="lua\lparser.c">
      <Filter>Source File\Lua</Filter>
    </ClCompile>
    <ClCompile Include="lua\lstate.c">
      <Filter>Source File\Lua</Filter>
    </ClCompile>
    <ClCompile Include="lua\lstring.c">
      <Filter>Source File\Lua</Filter>
    </ClCompile>
    <ClCompile Include="lua\lstrlib.c">
      <Filter>Source File\Lua</Filter>
    </ClCompile>
    <ClCompile Include="lua\ltable.c">
      <Filter>Source File\Lua</Filter>
    </ClCompile>
    <ClCompile Include="lua\ltablib.c">
      <Filter>Source File\Lua</Filter>
    </ClCompile>
    <ClCompile Include="lua\ltm.c">
      <Filter>Source File\Lua</Filter>
    </ClCompile>
    <ClCompile Include="lua\lundump.c">
      <Filter>Source File\Lua</Filter>
    </ClCompile>
    <ClCompile Include="lua\lutf8lib.c">
      <Filter>Source File\Lua</Filter>
    </ClCompile>
    <ClCompile Include="lua\lvm.c">
      <Filter>Source File\Lua</Filter>
    </ClCompile>
    <ClCompile Include="lua\lzio.c">
      <Filter>Source File\Lua</Filter>
    </ClCompile>
    <ClCompile Include="Yaml\binary.cpp">
      <Filter>Source File\Yaml</Filter>
    </ClCompile>
    <ClCompile Include="Yaml\convert.cpp">
      <Filter>Source File\Yaml</Filter>
    </ClCompile>
    <ClCompile Include="Yaml\depthguard.cpp">
      <Filter>Source File\Yaml</Filter>
    </ClCompile>
    <ClCompile Include="Yaml\directives.cpp">
      <Filter>Source File\Yaml</Filter>
    </ClCompile>
    <ClCompile Include="Yaml\emit.cpp">
      <Filter>Source File\Yaml</Filter>
    </ClCompile>
    <ClCompile Include="Yaml\emitfromevents.cpp">
      <Filter>Source File\Yaml</Filter>
    </ClCompile>
    <ClCompile Include="Yaml\emitter.cpp">
      <Filter>Source File\Yaml</Filter>
    </ClCompile>
    <ClCompile Include="Yaml\emitterstate.cpp">
      <Filter>Source File\Yaml</Filter>
    </ClCompile>
    <ClCompile Include="Yaml\emitterutils.cpp">
      <Filter>Source File\Yaml</Filter>
    </ClCompile>
    <ClCompile Include="Yaml\exceptions.cpp">
      <Filter>Source File\Yaml</Filter>
    </ClCompile>
    <ClCompile Include="Yaml\exp.cpp">
      <Filter>Source File\Yaml</Filter>
    </ClCompile>
    <ClCompile Include="Yaml\contrib\graphbuilder.cpp">
      <Filter>Source File\Yaml</Filter>
    </ClCompile>
    <ClCompile Include="Yaml\contrib\graphbuilderadapter.cpp">
      <Filter>Source File\Yaml</Filter>
    </ClCompile>
    <ClCompile Include="Yaml\memory.cpp">
      <Filter>Source File\Yaml</Filter>
    </ClCompile>
    <ClCompile Include="Yaml\node.cpp">
      <Filter>Source File\Yaml</Filter>
    </ClCompile>
    <ClCompile Include="Yaml\node_data.cpp">
      <Filter>Source File\Yaml</Filter>
    </ClCompile>
    <ClCompile Include="Yaml\nodebuilder.cpp">
      <Filter>Source File\Yaml</Filter>
    </ClCompile>
    <ClCompile Include="Yaml\nodeevents.cpp">
      <Filter>Source File\Yaml</Filter>
    </ClCompile>
    <ClCompile Include="Yaml\null.cpp">
      <Filter>Source File\Yaml</Filter>
    </ClCompile>
    <ClCompile Include="Yaml\ostream_wrapper.cpp">
      <Filter>Source File\Yaml</Filter>
    </ClCompile>
    <ClCompile Include="Yaml\parse.cpp">
      <Filter>Source File\Yaml</Filter>
    </ClCompile>
    <ClCompile Include="Yaml\parser.cpp">
      <Filter>Source File\Yaml</Filter>
    </ClCompile>
    <ClCompile Include="Yaml\scanner.cpp">
      <Filter>Source File\Yaml</Filter>
    </ClCompile>
    <ClCompile Include="Yaml\regex_yaml.cpp">
      <Filter>Source File\Yaml</Filter>
    </ClCompile>
    <ClCompile Include="Yaml\scanscalar.cpp">
      <Filter>Source File\Yaml</Filter>
    </ClCompile>
    <ClCompile Include="Yaml\scantoken.cpp">
      <Filter>Source File\Yaml</Filter>
    </ClCompile>
    <ClCompile Include="Yaml\scantag.cpp">
      <Filter>Source File\Yaml</Filter>
    </ClCompile>
    <ClCompile Include="Yaml\simplekey.cpp">
      <Filter>Source File\Yaml</Filter>
    </ClCompile>
    <ClCompile Include="Yaml\singledocparser.cpp">
      <Filter>Source File\Yaml</Filter>
    </ClCompile>
    <ClCompile Include="Yaml\stream.cpp">
      <Filter>Source File\Yaml</Filter>
    </ClCompile>
    <ClCompile Include="Yaml\tag.cpp">
      <Filter>Source File\Yaml</Filter>
    </ClCompile>
    <ClCompile Include="SourceFile\error.cpp">
      <Filter>Source File</Filter>
    </ClCompile>
  </ItemGroup>
  <ItemGroup>
    <Filter Include="Source File">
      <UniqueIdentifier>{52713ed6-0cf2-4a45-8f24-52af2711f022}</UniqueIdentifier>
      <Extensions>cpp;c;cc;cxx;def;odl;idl;hpj;bat;asm;asmx</Extensions>
    </Filter>
    <Filter Include="Resource File">
      <UniqueIdentifier>{984474c1-aa25-4e49-a98c-021c6b05b584}</UniqueIdentifier>
      <Extensions>rc;ico;cur;bmp;dlg;rc2;rct;bin;rgs;gif;jpg;jpeg;jpe;resx;tiff;tif;png;wav;mfcribbon-ms</Extensions>
    </Filter>
    <Filter Include="Source File\UI">
      <UniqueIdentifier>{7647e4a5-a786-4364-a87d-cae648836d89}</UniqueIdentifier>
    </Filter>
    <Filter Include="Source File\System">
      <UniqueIdentifier>{9aaf6fe4-2e5d-43db-aaa5-8d617149693e}</UniqueIdentifier>
    </Filter>
    <Filter Include="Source File\Websocket">
      <UniqueIdentifier>{7f8c84ed-c74c-47a1-bc10-e699d6aaa809}</UniqueIdentifier>
    </Filter>
    <Filter Include="Header File">
      <UniqueIdentifier>{78c035b9-2802-4686-8ba6-582ea4e44a38}</UniqueIdentifier>
      <Extensions>h;hh;hpp;hxx;hm;inl;inc;ipp;xsd</Extensions>
    </Filter>
    <Filter Include="Header File\Websocket">
      <UniqueIdentifier>{b26da137-1716-4d57-a145-1083859505e6}</UniqueIdentifier>
    </Filter>
    <Filter Include="Header File\UI">
      <UniqueIdentifier>{a43af4bc-0c09-4579-9b77-60fb2e2614e7}</UniqueIdentifier>
    </Filter>
    <Filter Include="Source File\Tools">
      <UniqueIdentifier>{2101e673-08d0-42a0-9269-f7c17c9bb7fb}</UniqueIdentifier>
    </Filter>
    <Filter Include="Source File\Plugins">
      <UniqueIdentifier>{00d65e6f-bfe8-45da-a1a6-d34511f29ebd}</UniqueIdentifier>
    </Filter>
    <Filter Include="Header File\Tools">
      <UniqueIdentifier>{49029059-fa61-4720-873c-df44ef39fb98}</UniqueIdentifier>
    </Filter>
    <Filter Include="Header File\Plugins">
      <UniqueIdentifier>{d3b58c53-d1e3-4937-acc0-c97c68a2e93d}</UniqueIdentifier>
    </Filter>
    <Filter Include="Header File\Lua">
      <UniqueIdentifier>{3d222385-4166-411f-bc0d-144437b475b7}</UniqueIdentifier>
    </Filter>
    <Filter Include="Source File\Lua">
      <UniqueIdentifier>{46356cf8-30f3-4a61-9450-6ed971b890a9}</UniqueIdentifier>
    </Filter>
    <Filter Include="Header File\System">
      <UniqueIdentifier>{47532a39-bda9-48cf-8b43-e4532b4fbbd3}</UniqueIdentifier>
    </Filter>
    <Filter Include="Header File\Yaml">
      <UniqueIdentifier>{edd4c3cd-a2cd-4cef-8620-1d8057766856}</UniqueIdentifier>
    </Filter>
    <Filter Include="Source File\Yaml">
      <UniqueIdentifier>{867509ca-aa0c-4338-aa28-6f98b53a538c}</UniqueIdentifier>
    </Filter>
  </ItemGroup>
  <ItemGroup>
    <QtMoc Include="HeaderFile\websocketClient.h">
      <Filter>Header File\Websocket</Filter>
    </QtMoc>
    <QtMoc Include="HeaderFile\cspbot20.h">
      <Filter>Header File\UI</Filter>
    </QtMoc>
    <QtMoc Include="HeaderFile\regularEdit.h">
      <Filter>Header File\UI</Filter>
    </QtMoc>
    <QtMoc Include="..\Include\mysysinfo\mysysinfo.h">
      <Filter>Header File\Tools</Filter>
    </QtMoc>
    <QtMoc Include="HeaderFile\logger.h">
      <Filter>Header File\Tools</Filter>
    </QtMoc>
    <QtMoc Include="HeaderFile\server.h">
      <Filter>Header File\Tools</Filter>
    </QtMoc>
  </ItemGroup>
  <ItemGroup>
    <ClInclude Include="HeaderFile\plugins.h">
      <Filter>Header File\Plugins</Filter>
    </ClInclude>
    <ClInclude Include="HeaderFile\framework.h">
      <Filter>Header File\System</Filter>
    </ClInclude>
    <ClInclude Include="HeaderFile\version.h">
      <Filter>Header File\System</Filter>
    </ClInclude>
    <ClInclude Include="HeaderFile\helper.h">
      <Filter>Header File\Tools</Filter>
    </ClInclude>
    <ClInclude Include="ResourceFile\resource.h">
      <Filter>Header File\System</Filter>
    </ClInclude>
    <ClInclude Include="HeaderFile\global.h">
      <Filter>Header File\Tools</Filter>
    </ClInclude>
    <ClInclude Include="HeaderFile\Event.h">
      <Filter>Header File\Tools</Filter>
    </ClInclude>
    <ClInclude Include="HeaderFile\stdafx.h">
      <Filter>Header File\System</Filter>
    </ClInclude>
    <ClInclude Include="lua\lapi.h">
      <Filter>Header File\Lua</Filter>
    </ClInclude>
    <ClInclude Include="lua\lauxlib.h">
      <Filter>Header File\Lua</Filter>
    </ClInclude>
    <ClInclude Include="lua\lcode.h">
      <Filter>Header File\Lua</Filter>
    </ClInclude>
    <ClInclude Include="lua\lctype.h">
      <Filter>Header File\Lua</Filter>
    </ClInclude>
    <ClInclude Include="lua\ldebug.h">
      <Filter>Header File\Lua</Filter>
    </ClInclude>
    <ClInclude Include="lua\ldo.h">
      <Filter>Header File\Lua</Filter>
    </ClInclude>
    <ClInclude Include="lua\lfunc.h">
      <Filter>Header File\Lua</Filter>
    </ClInclude>
    <ClInclude Include="lua\lgc.h">
      <Filter>Header File\Lua</Filter>
    </ClInclude>
    <ClInclude Include="lua\ljumptab.h">
      <Filter>Header File\Lua</Filter>
    </ClInclude>
    <ClInclude Include="lua\llex.h">
      <Filter>Header File\Lua</Filter>
    </ClInclude>
    <ClInclude Include="lua\llimits.h">
      <Filter>Header File\Lua</Filter>
    </ClInclude>
    <ClInclude Include="lua\lmem.h">
      <Filter>Header File\Lua</Filter>
    </ClInclude>
    <ClInclude Include="lua\lobject.h">
      <Filter>Header File\Lua</Filter>
    </ClInclude>
    <ClInclude Include="lua\lopcodes.h">
      <Filter>Header File\Lua</Filter>
    </ClInclude>
    <ClInclude Include="lua\lopnames.h">
      <Filter>Header File\Lua</Filter>
    </ClInclude>
    <ClInclude Include="lua\lparser.h">
      <Filter>Header File\Lua</Filter>
    </ClInclude>
    <ClInclude Include="lua\lprefix.h">
      <Filter>Header File\Lua</Filter>
    </ClInclude>
    <ClInclude Include="lua\lstate.h">
      <Filter>Header File\Lua</Filter>
    </ClInclude>
    <ClInclude Include="lua\lstring.h">
      <Filter>Header File\Lua</Filter>
    </ClInclude>
    <ClInclude Include="lua\ltable.h">
      <Filter>Header File\Lua</Filter>
    </ClInclude>
    <ClInclude Include="lua\ltm.h">
      <Filter>Header File\Lua</Filter>
    </ClInclude>
    <ClInclude Include="lua\lua.h">
      <Filter>Header File\Lua</Filter>
    </ClInclude>
    <ClInclude Include="lua\lua.hpp">
      <Filter>Header File\Lua</Filter>
    </ClInclude>
    <ClInclude Include="lua\luaconf.h">
      <Filter>Header File\Lua</Filter>
    </ClInclude>
    <ClInclude Include="lua\lualib.h">
      <Filter>Header File\Lua</Filter>
    </ClInclude>
    <ClInclude Include="lua\lundump.h">
      <Filter>Header File\Lua</Filter>
    </ClInclude>
    <ClInclude Include="lua\lvm.h">
      <Filter>Header File\Lua</Filter>
    </ClInclude>
    <ClInclude Include="lua\lzio.h">
      <Filter>Header File\Lua</Filter>
    </ClInclude>
    <ClInclude Include="Yaml\collectionstack.h">
      <Filter>Header File\Yaml</Filter>
    </ClInclude>
    <ClInclude Include="Yaml\directives.h">
      <Filter>Header File\Yaml</Filter>
    </ClInclude>
    <ClInclude Include="Yaml\emitterstate.h">
      <Filter>Header File\Yaml</Filter>
    </ClInclude>
    <ClInclude Include="Yaml\exp.h">
      <Filter>Header File\Yaml</Filter>
    </ClInclude>
    <ClInclude Include="Yaml\emitterutils.h">
      <Filter>Header File\Yaml</Filter>
    </ClInclude>
    <ClInclude Include="Yaml\contrib\graphbuilderadapter.h">
      <Filter>Header File\Yaml</Filter>
    </ClInclude>
    <ClInclude Include="Yaml\indentation.h">
      <Filter>Header File\Yaml</Filter>
    </ClInclude>
    <ClInclude Include="Yaml\nodebuilder.h">
      <Filter>Header File\Yaml</Filter>
    </ClInclude>
    <ClInclude Include="Yaml\nodeevents.h">
      <Filter>Header File\Yaml</Filter>
    </ClInclude>
    <ClInclude Include="Yaml\ptr_vector.h">
      <Filter>Header File\Yaml</Filter>
    </ClInclude>
    <ClInclude Include="Yaml\regex_yaml.h">
      <Filter>Header File\Yaml</Filter>
    </ClInclude>
    <ClInclude Include="Yaml\regeximpl.h">
      <Filter>Header File\Yaml</Filter>
    </ClInclude>
    <ClInclude Include="Yaml\scanner.h">
      <Filter>Header File\Yaml</Filter>
    </ClInclude>
    <ClInclude Include="Yaml\scanscalar.h">
      <Filter>Header File\Yaml</Filter>
    </ClInclude>
    <ClInclude Include="Yaml\setting.h">
      <Filter>Header File\Yaml</Filter>
    </ClInclude>
    <ClInclude Include="Yaml\scantag.h">
      <Filter>Header File\Yaml</Filter>
    </ClInclude>
    <ClInclude Include="Yaml\singledocparser.h">
      <Filter>Header File\Yaml</Filter>
    </ClInclude>
    <ClInclude Include="Yaml\stream.h">
      <Filter>Header File\Yaml</Filter>
    </ClInclude>
    <ClInclude Include="Yaml\stringsource.h">
      <Filter>Header File\Yaml</Filter>
    </ClInclude>
    <ClInclude Include="Yaml\streamcharsource.h">
      <Filter>Header File\Yaml</Filter>
    </ClInclude>
    <ClInclude Include="Yaml\tag.h">
      <Filter>Header File\Yaml</Filter>
    </ClInclude>
    <ClInclude Include="Yaml\token.h">
      <Filter>Header File\Yaml</Filter>
    </ClInclude>
    <ClInclude Include="HeaderFile\yaml2json.hpp">
      <Filter>Header File\Tools</Filter>
    </ClInclude>
    <ClInclude Include="HeaderFile\error.h">
      <Filter>Header File</Filter>
    </ClInclude>
  </ItemGroup>
  <ItemGroup>
    <Image Include="ResourceFile\CSPBot2.0.ico">
      <Filter>Resource File</Filter>
    </Image>
    <Image Include="ResourceFile\CSPBot.ico">
      <Filter>Resource File</Filter>
    </Image>
  </ItemGroup>
  <ItemGroup>
    <ResourceCompile Include="ResourceFile\CSPBot2.0.rc">
      <Filter>Resource File</Filter>
    </ResourceCompile>
    <ResourceCompile Include="ResourceFile\Resource.rc">
      <Filter>Resource File</Filter>
    </ResourceCompile>
  </ItemGroup>
  <ItemGroup>
    <QtRcc Include="ResourceFile\cspbot20.qrc">
      <Filter>Resource File</Filter>
    </QtRcc>
  </ItemGroup>
  <ItemGroup>
    <QtUic Include="ResourceFile\cspbot20.ui">
      <Filter>Resource File</Filter>
    </QtUic>
    <QtUic Include="ResourceFile\regularEdit.ui">
      <Filter>Resource File</Filter>
    </QtUic>
  </ItemGroup>
</Project>