
Microsoft Visual Studio Solution File, Format Version 12.00
# Visual Studio Version 17
VisualStudioVersion = 17.2.32630.192
MinimumVisualStudioVersion = 10.0.40219.1
Project("{8BC9CEB8-8B4A-11D0-8D11-00A0C91BC942}") = "CSPBot2.0", "CSPBot2.0.vcxproj", "{D7E3F10D-BE8B-48F5-B5D3-9DC7CDD08036}"
EndProject
Global
	GlobalSection(SolutionConfigurationPlatforms) = preSolution
		Debug|x64 = Debug|x64
		Release|x64 = Release|x64
	EndGlobalSection
	GlobalSection(ProjectConfigurationPlatforms) = postSolution
		{D7E3F10D-BE8B-48F5-B5D3-9DC7CDD08036}.Debug|x64.ActiveCfg = Debug|x64
		{D7E3F10D-BE8B-48F5-B5D3-9DC7CDD08036}.Debug|x64.Build.0 = Debug|x64
		{D7E3F10D-BE8B-48F5-B5D3-9DC7CDD08036}.Release|x64.ActiveCfg = Release|x64
		{D7E3F10D-BE8B-48F5-B5D3-9DC7CDD08036}.Release|x64.Build.0 = Release|x64
	EndGlobalSection
	GlobalSection(SolutionProperties) = preSolution
		HideSolutionNode = FALSE
	EndGlobalSection
	GlobalSection(ExtensibilityGlobals) = postSolution
		SolutionGuid = {11534D2B-26A4-44BE-A4EF-348D653567D1}
	EndGlobalSection
EndGlobal
